
Microsoft Visual Studio Solution File, Format Version 12.00
# Visual Studio Version 17
VisualStudioVersion = 17.8.34330.188
MinimumVisualStudioVersion = 10.0.40219.1
Project("{FAE04EC0-301F-11D3-BF4B-00C04F79EFBC}") = "Tarea2", "Tarea2\Tarea2.csproj", "{86A35D03-D3ED-4481-8FEF-88ECEA76768A}"
EndProject
Global
	GlobalSection(SolutionConfigurationPlatforms) = preSolution
		Debug|Any CPU = Debug|Any CPU
		Release|Any CPU = Release|Any CPU
	EndGlobalSection
	GlobalSection(ProjectConfigurationPlatforms) = postSolution
		{86A35D03-D3ED-4481-8FEF-88ECEA76768A}.Debug|Any CPU.ActiveCfg = Debug|Any CPU
		{86A35D03-D3ED-4481-8FEF-88ECEA76768A}.Debug|Any CPU.Build.0 = Debug|Any CPU
		{86A35D03-D3ED-4481-8FEF-88ECEA76768A}.Debug|Any CPU.Deploy.0 = Debug|Any CPU
		{86A35D03-D3ED-4481-8FEF-88ECEA76768A}.Release|Any CPU.ActiveCfg = Release|Any CPU
		{86A35D03-D3ED-4481-8FEF-88ECEA76768A}.Release|Any CPU.Build.0 = Release|Any CPU
		{86A35D03-D3ED-4481-8FEF-88ECEA76768A}.Release|Any CPU.Deploy.0 = Release|Any CPU
	EndGlobalSection
	GlobalSection(SolutionProperties) = preSolution
		HideSolutionNode = FALSE
	EndGlobalSection
	GlobalSection(ExtensibilityGlobals) = postSolution
		SolutionGuid = {84C5A474-ECAC-461E-A8CA-1EA52299FC6F}
	EndGlobalSection
EndGlobal
